// !$*UTF8*$!
{
	archiveVersion = 1;
	classes = {
	};
	objectVersion = 50;
	objects = {

/* Begin PBXBuildFile section */
		C414F300247BB7440063A1E4 /* AppDelegate.swift in Sources */ = {isa = PBXBuildFile; fileRef = C414F2FF247BB7440063A1E4 /* AppDelegate.swift */; };
		C414F302247BB7440063A1E4 /* GameScene.sks in Resources */ = {isa = PBXBuildFile; fileRef = C414F301247BB7440063A1E4 /* GameScene.sks */; };
		C414F306247BB7440063A1E4 /* GameScene.swift in Sources */ = {isa = PBXBuildFile; fileRef = C414F305247BB7440063A1E4 /* GameScene.swift */; };
		C414F308247BB7440063A1E4 /* GameViewController.swift in Sources */ = {isa = PBXBuildFile; fileRef = C414F307247BB7440063A1E4 /* GameViewController.swift */; };
		C414F30B247BB7440063A1E4 /* Main.storyboard in Resources */ = {isa = PBXBuildFile; fileRef = C414F309247BB7440063A1E4 /* Main.storyboard */; };
		C414F30D247BB7460063A1E4 /* Assets.xcassets in Resources */ = {isa = PBXBuildFile; fileRef = C414F30C247BB7460063A1E4 /* Assets.xcassets */; };
		C414F310247BB7460063A1E4 /* LaunchScreen.storyboard in Resources */ = {isa = PBXBuildFile; fileRef = C414F30E247BB7460063A1E4 /* LaunchScreen.storyboard */; };
		C414F318247C260D0063A1E4 /* StoneColor.swift in Sources */ = {isa = PBXBuildFile; fileRef = C414F317247C260D0063A1E4 /* StoneColor.swift */; };
		C414F31A247C26520063A1E4 /* Stone.swift in Sources */ = {isa = PBXBuildFile; fileRef = C414F319247C26520063A1E4 /* Stone.swift */; };
		C414F31C247C29220063A1E4 /* Board.swift in Sources */ = {isa = PBXBuildFile; fileRef = C414F31B247C29220063A1E4 /* Board.swift */; };
		C414F31E247C2B740063A1E4 /* Player.swift in Sources */ = {isa = PBXBuildFile; fileRef = C414F31D247C2B740063A1E4 /* Player.swift */; };
		C414F320247C2C280063A1E4 /* Move.swift in Sources */ = {isa = PBXBuildFile; fileRef = C414F31F247C2C280063A1E4 /* Move.swift */; };
/* End PBXBuildFile section */

/* Begin PBXFileReference section */
		C414F2FC247BB7440063A1E4 /* Flip.app */ = {isa = PBXFileReference; explicitFileType = wrapper.application; includeInIndex = 0; path = Flip.app; sourceTree = BUILT_PRODUCTS_DIR; };
		C414F2FF247BB7440063A1E4 /* AppDelegate.swift */ = {isa = PBXFileReference; lastKnownFileType = sourcecode.swift; path = AppDelegate.swift; sourceTree = "<group>"; };
		C414F301247BB7440063A1E4 /* GameScene.sks */ = {isa = PBXFileReference; lastKnownFileType = file.sks; path = GameScene.sks; sourceTree = "<group>"; };
		C414F305247BB7440063A1E4 /* GameScene.swift */ = {isa = PBXFileReference; lastKnownFileType = sourcecode.swift; path = GameScene.swift; sourceTree = "<group>"; };
		C414F307247BB7440063A1E4 /* GameViewController.swift */ = {isa = PBXFileReference; lastKnownFileType = sourcecode.swift; path = GameViewController.swift; sourceTree = "<group>"; };
		C414F30A247BB7440063A1E4 /* Base */ = {isa = PBXFileReference; lastKnownFileType = file.storyboard; name = Base; path = Base.lproj/Main.storyboard; sourceTree = "<group>"; };
		C414F30C247BB7460063A1E4 /* Assets.xcassets */ = {isa = PBXFileReference; lastKnownFileType = folder.assetcatalog; path = Assets.xcassets; sourceTree = "<group>"; };
		C414F30F247BB7460063A1E4 /* Base */ = {isa = PBXFileReference; lastKnownFileType = file.storyboard; name = Base; path = Base.lproj/LaunchScreen.storyboard; sourceTree = "<group>"; };
		C414F311247BB7460063A1E4 /* Info.plist */ = {isa = PBXFileReference; lastKnownFileType = text.plist.xml; path = Info.plist; sourceTree = "<group>"; };
		C414F317247C260D0063A1E4 /* StoneColor.swift */ = {isa = PBXFileReference; lastKnownFileType = sourcecode.swift; path = StoneColor.swift; sourceTree = "<group>"; };
		C414F319247C26520063A1E4 /* Stone.swift */ = {isa = PBXFileReference; lastKnownFileType = sourcecode.swift; path = Stone.swift; sourceTree = "<group>"; };
		C414F31B247C29220063A1E4 /* Board.swift */ = {isa = PBXFileReference; lastKnownFileType = sourcecode.swift; path = Board.swift; sourceTree = "<group>"; };
		C414F31D247C2B740063A1E4 /* Player.swift */ = {isa = PBXFileReference; lastKnownFileType = sourcecode.swift; path = Player.swift; sourceTree = "<group>"; };
		C414F31F247C2C280063A1E4 /* Move.swift */ = {isa = PBXFileReference; lastKnownFileType = sourcecode.swift; path = Move.swift; sourceTree = "<group>"; };
/* End PBXFileReference section */

/* Begin PBXFrameworksBuildPhase section */
		C414F2F9247BB7440063A1E4 /* Frameworks */ = {
			isa = PBXFrameworksBuildPhase;
			buildActionMask = 2147483647;
			files = (
			);
			runOnlyForDeploymentPostprocessing = 0;
		};
/* End PBXFrameworksBuildPhase section */

/* Begin PBXGroup section */
		C414F2F3247BB7440063A1E4 = {
			isa = PBXGroup;
			children = (
				C414F2FE247BB7440063A1E4 /* Flip */,
				C414F2FD247BB7440063A1E4 /* Products */,
			);
			sourceTree = "<group>";
		};
		C414F2FD247BB7440063A1E4 /* Products */ = {
			isa = PBXGroup;
			children = (
				C414F2FC247BB7440063A1E4 /* Flip.app */,
			);
			name = Products;
			sourceTree = "<group>";
		};
		C414F2FE247BB7440063A1E4 /* Flip */ = {
			isa = PBXGroup;
			children = (
				C414F2FF247BB7440063A1E4 /* AppDelegate.swift */,
				C414F301247BB7440063A1E4 /* GameScene.sks */,
				C414F305247BB7440063A1E4 /* GameScene.swift */,
				C414F31D247C2B740063A1E4 /* Player.swift */,
				C414F31F247C2C280063A1E4 /* Move.swift */,
				C414F31B247C29220063A1E4 /* Board.swift */,
				C414F317247C260D0063A1E4 /* StoneColor.swift */,
				C414F319247C26520063A1E4 /* Stone.swift */,
				C414F307247BB7440063A1E4 /* GameViewController.swift */,
				C414F309247BB7440063A1E4 /* Main.storyboard */,
				C414F30C247BB7460063A1E4 /* Assets.xcassets */,
				C414F30E247BB7460063A1E4 /* LaunchScreen.storyboard */,
				C414F311247BB7460063A1E4 /* Info.plist */,
			);
			path = Flip;
			sourceTree = "<group>";
		};
/* End PBXGroup section */

/* Begin PBXNativeTarget section */
		C414F2FB247BB7440063A1E4 /* Flip */ = {
			isa = PBXNativeTarget;
			buildConfigurationList = C414F314247BB7460063A1E4 /* Build configuration list for PBXNativeTarget "Flip" */;
			buildPhases = (
				C414F2F8247BB7440063A1E4 /* Sources */,
				C414F2F9247BB7440063A1E4 /* Frameworks */,
				C414F2FA247BB7440063A1E4 /* Resources */,
			);
			buildRules = (
			);
			dependencies = (
			);
			name = Flip;
			productName = Flip;
			productReference = C414F2FC247BB7440063A1E4 /* Flip.app */;
			productType = "com.apple.product-type.application";
		};
/* End PBXNativeTarget section */

/* Begin PBXProject section */
		C414F2F4247BB7440063A1E4 /* Project object */ = {
			isa = PBXProject;
			attributes = {
				LastSwiftUpdateCheck = 1150;
				LastUpgradeCheck = 1150;
				ORGANIZATIONNAME = "Lasse Silkoset";
				TargetAttributes = {
					C414F2FB247BB7440063A1E4 = {
						CreatedOnToolsVersion = 11.5;
					};
				};
			};
			buildConfigurationList = C414F2F7247BB7440063A1E4 /* Build configuration list for PBXProject "Flip" */;
			compatibilityVersion = "Xcode 9.3";
			developmentRegion = en;
			hasScannedForEncodings = 0;
			knownRegions = (
				en,
				Base,
			);
			mainGroup = C414F2F3247BB7440063A1E4;
			productRefGroup = C414F2FD247BB7440063A1E4 /* Products */;
			projectDirPath = "";
			projectRoot = "";
			targets = (
				C414F2FB247BB7440063A1E4 /* Flip */,
			);
		};
/* End PBXProject section */

/* Begin PBXResourcesBuildPhase section */
		C414F2FA247BB7440063A1E4 /* Resources */ = {
			isa = PBXResourcesBuildPhase;
			buildActionMask = 2147483647;
			files = (
				C414F30B247BB7440063A1E4 /* Main.storyboard in Resources */,
				C414F302247BB7440063A1E4 /* GameScene.sks in Resources */,
				C414F30D247BB7460063A1E4 /* Assets.xcassets in Resources */,
				C414F310247BB7460063A1E4 /* LaunchScreen.storyboard in Resources */,
			);
			runOnlyForDeploymentPostprocessing = 0;
		};
/* End PBXResourcesBuildPhase section */

/* Begin PBXSourcesBuildPhase section */
		C414F2F8247BB7440063A1E4 /* Sources */ = {
			isa = PBXSourcesBuildPhase;
			buildActionMask = 2147483647;
			files = (
				C414F31A247C26520063A1E4 /* Stone.swift in Sources */,
				C414F306247BB7440063A1E4 /* GameScene.swift in Sources */,
				C414F31C247C29220063A1E4 /* Board.swift in Sources */,
				C414F308247BB7440063A1E4 /* GameViewController.swift in Sources */,
				C414F320247C2C280063A1E4 /* Move.swift in Sources */,
				C414F31E247C2B740063A1E4 /* Player.swift in Sources */,
				C414F300247BB7440063A1E4 /* AppDelegate.swift in Sources */,
				C414F318247C260D0063A1E4 /* StoneColor.swift in Sources */,
			);
			runOnlyForDeploymentPostprocessing = 0;
		};
/* End PBXSourcesBuildPhase section */

/* Begin PBXVariantGroup section */
		C414F309247BB7440063A1E4 /* Main.storyboard */ = {
			isa = PBXVariantGroup;
			children = (
				C414F30A247BB7440063A1E4 /* Base */,
			);
			name = Main.storyboard;
			sourceTree = "<group>";
		};
		C414F30E247BB7460063A1E4 /* LaunchScreen.storyboard */ = {
			isa = PBXVariantGroup;
			children = (
				C414F30F247BB7460063A1E4 /* Base */,
			);
			name = LaunchScreen.storyboard;
			sourceTree = "<group>";
		};
/* End PBXVariantGroup section */

/* Begin XCBuildConfiguration section */
		C414F312247BB7460063A1E4 /* Debug */ = {
			isa = XCBuildConfiguration;
			buildSettings = {
				ALWAYS_SEARCH_USER_PATHS = NO;
				CLANG_ANALYZER_NONNULL = YES;
				CLANG_ANALYZER_NUMBER_OBJECT_CONVERSION = YES_AGGRESSIVE;
				CLANG_CXX_LANGUAGE_STANDARD = "gnu++14";
				CLANG_CXX_LIBRARY = "libc++";
				CLANG_ENABLE_MODULES = YES;
				CLANG_ENABLE_OBJC_ARC = YES;
				CLANG_ENABLE_OBJC_WEAK = YES;
				CLANG_WARN_BLOCK_CAPTURE_AUTORELEASING = YES;
				CLANG_WARN_BOOL_CONVERSION = YES;
				CLANG_WARN_COMMA = YES;
				CLANG_WARN_CONSTANT_CONVERSION = YES;
				CLANG_WARN_DEPRECATED_OBJC_IMPLEMENTATIONS = YES;
				CLANG_WARN_DIRECT_OBJC_ISA_USAGE = YES_ERROR;
				CLANG_WARN_DOCUMENTATION_COMMENTS = YES;
				CLANG_WARN_EMPTY_BODY = YES;
				CLANG_WARN_ENUM_CONVERSION = YES;
				CLANG_WARN_INFINITE_RECURSION = YES;
				CLANG_WARN_INT_CONVERSION = YES;
				CLANG_WARN_NON_LITERAL_NULL_CONVERSION = YES;
				CLANG_WARN_OBJC_IMPLICIT_RETAIN_SELF = YES;
				CLANG_WARN_OBJC_LITERAL_CONVERSION = YES;
				CLANG_WARN_OBJC_ROOT_CLASS = YES_ERROR;
				CLANG_WARN_RANGE_LOOP_ANALYSIS = YES;
				CLANG_WARN_STRICT_PROTOTYPES = YES;
				CLANG_WARN_SUSPICIOUS_MOVE = YES;
				CLANG_WARN_UNGUARDED_AVAILABILITY = YES_AGGRESSIVE;
				CLANG_WARN_UNREACHABLE_CODE = YES;
				CLANG_WARN__DUPLICATE_METHOD_MATCH = YES;
				COPY_PHASE_STRIP = NO;
				DEBUG_INFORMATION_FORMAT = dwarf;
				ENABLE_STRICT_OBJC_MSGSEND = YES;
				ENABLE_TESTABILITY = YES;
				GCC_C_LANGUAGE_STANDARD = gnu11;
				GCC_DYNAMIC_NO_PIC = NO;
				GCC_NO_COMMON_BLOCKS = YES;
				GCC_OPTIMIZATION_LEVEL = 0;
				GCC_PREPROCESSOR_DEFINITIONS = (
					"DEBUG=1",
					"$(inherited)",
				);
				GCC_WARN_64_TO_32_BIT_CONVERSION = YES;
				GCC_WARN_ABOUT_RETURN_TYPE = YES_ERROR;
				GCC_WARN_UNDECLARED_SELECTOR = YES;
				GCC_WARN_UNINITIALIZED_AUTOS = YES_AGGRESSIVE;
				GCC_WARN_UNUSED_FUNCTION = YES;
				GCC_WARN_UNUSED_VARIABLE = YES;
				IPHONEOS_DEPLOYMENT_TARGET = 13.5;
				MTL_ENABLE_DEBUG_INFO = INCLUDE_SOURCE;
				MTL_FAST_MATH = YES;
				ONLY_ACTIVE_ARCH = YES;
				SDKROOT = iphoneos;
				SWIFT_ACTIVE_COMPILATION_CONDITIONS = DEBUG;
				SWIFT_OPTIMIZATION_LEVEL = "-Onone";
			};
			name = Debug;
		};
		C414F313247BB7460063A1E4 /* Release */ = {
			isa = XCBuildConfiguration;
			buildSettings = {
				ALWAYS_SEARCH_USER_PATHS = NO;
				CLANG_ANALYZER_NONNULL = YES;
				CLANG_ANALYZER_NUMBER_OBJECT_CONVERSION = YES_AGGRESSIVE;
				CLANG_CXX_LANGUAGE_STANDARD = "gnu++14";
				CLANG_CXX_LIBRARY = "libc++";
				CLANG_ENABLE_MODULES = YES;
				CLANG_ENABLE_OBJC_ARC = YES;
				CLANG_ENABLE_OBJC_WEAK = YES;
				CLANG_WARN_BLOCK_CAPTURE_AUTORELEASING = YES;
				CLANG_WARN_BOOL_CONVERSION = YES;
				CLANG_WARN_COMMA = YES;
				CLANG_WARN_CONSTANT_CONVERSION = YES;
				CLANG_WARN_DEPRECATED_OBJC_IMPLEMENTATIONS = YES;
				CLANG_WARN_DIRECT_OBJC_ISA_USAGE = YES_ERROR;
				CLANG_WARN_DOCUMENTATION_COMMENTS = YES;
				CLANG_WARN_EMPTY_BODY = YES;
				CLANG_WARN_ENUM_CONVERSION = YES;
				CLANG_WARN_INFINITE_RECURSION = YES;
				CLANG_WARN_INT_CONVERSION = YES;
				CLANG_WARN_NON_LITERAL_NULL_CONVERSION = YES;
				CLANG_WARN_OBJC_IMPLICIT_RETAIN_SELF = YES;
				CLANG_WARN_OBJC_LITERAL_CONVERSION = YES;
				CLANG_WARN_OBJC_ROOT_CLASS = YES_ERROR;
				CLANG_WARN_RANGE_LOOP_ANALYSIS = YES;
				CLANG_WARN_STRICT_PROTOTYPES = YES;
				CLANG_WARN_SUSPICIOUS_MOVE = YES;
				CLANG_WARN_UNGUARDED_AVAILABILITY = YES_AGGRESSIVE;
				CLANG_WARN_UNREACHABLE_CODE = YES;
				CLANG_WARN__DUPLICATE_METHOD_MATCH = YES;
				COPY_PHASE_STRIP = NO;
				DEBUG_INFORMATION_FORMAT = "dwarf-with-dsym";
				ENABLE_NS_ASSERTIONS = NO;
				ENABLE_STRICT_OBJC_MSGSEND = YES;
				GCC_C_LANGUAGE_STANDARD = gnu11;
				GCC_NO_COMMON_BLOCKS = YES;
				GCC_WARN_64_TO_32_BIT_CONVERSION = YES;
				GCC_WARN_ABOUT_RETURN_TYPE = YES_ERROR;
				GCC_WARN_UNDECLARED_SELECTOR = YES;
				GCC_WARN_UNINITIALIZED_AUTOS = YES_AGGRESSIVE;
				GCC_WARN_UNUSED_FUNCTION = YES;
				GCC_WARN_UNUSED_VARIABLE = YES;
				IPHONEOS_DEPLOYMENT_TARGET = 13.5;
				MTL_ENABLE_DEBUG_INFO = NO;
				MTL_FAST_MATH = YES;
				SDKROOT = iphoneos;
				SWIFT_COMPILATION_MODE = wholemodule;
				SWIFT_OPTIMIZATION_LEVEL = "-O";
				VALIDATE_PRODUCT = YES;
			};
			name = Release;
		};
		C414F315247BB7460063A1E4 /* Debug */ = {
			isa = XCBuildConfiguration;
			buildSettings = {
				ASSETCATALOG_COMPILER_APPICON_NAME = AppIcon;
				CODE_SIGN_STYLE = Automatic;
				DEVELOPMENT_TEAM = 6PPL8837AU;
				INFOPLIST_FILE = Flip/Info.plist;
				LD_RUNPATH_SEARCH_PATHS = (
					"$(inherited)",
					"@executable_path/Frameworks",
				);
				PRODUCT_BUNDLE_IDENTIFIER = com.lassesilkoset.Flip;
				PRODUCT_NAME = "$(TARGET_NAME)";
				SWIFT_VERSION = 5.0;
				TARGETED_DEVICE_FAMILY = "1,2";
			};
			name = Debug;
		};
		C414F316247BB7460063A1E4 /* Release */ = {
			isa = XCBuildConfiguration;
			buildSettings = {
				ASSETCATALOG_COMPILER_APPICON_NAME = AppIcon;
				CODE_SIGN_STYLE = Automatic;
				DEVELOPMENT_TEAM = 6PPL8837AU;
				INFOPLIST_FILE = Flip/Info.plist;
				LD_RUNPATH_SEARCH_PATHS = (
					"$(inherited)",
					"@executable_path/Frameworks",
				);
				PRODUCT_BUNDLE_IDENTIFIER = com.lassesilkoset.Flip;
				PRODUCT_NAME = "$(TARGET_NAME)";
				SWIFT_VERSION = 5.0;
				TARGETED_DEVICE_FAMILY = "1,2";
			};
			name = Release;
		};
/* End XCBuildConfiguration section */

/* Begin XCConfigurationList section */
		C414F2F7247BB7440063A1E4 /* Build configuration list for PBXProject "Flip" */ = {
			isa = XCConfigurationList;
			buildConfigurations = (
				C414F312247BB7460063A1E4 /* Debug */,
				C414F313247BB7460063A1E4 /* Release */,
			);
			defaultConfigurationIsVisible = 0;
			defaultConfigurationName = Release;
		};
		C414F314247BB7460063A1E4 /* Build configuration list for PBXNativeTarget "Flip" */ = {
			isa = XCConfigurationList;
			buildConfigurations = (
				C414F315247BB7460063A1E4 /* Debug */,
				C414F316247BB7460063A1E4 /* Release */,
			);
			defaultConfigurationIsVisible = 0;
			defaultConfigurationName = Release;
		};
/* End XCConfigurationList section */
	};
	rootObject = C414F2F4247BB7440063A1E4 /* Project object */;
}
